{
  "name": "NZXT_Cam",
  "lockfileVersion": 3,
  "requires": true,
  "packages": {
    "": {
      "dependencies": {
        "@nzxt/web-integrations-types": "^0.4.0"
      }
    },
    "node_modules/@nzxt/web-integrations-types": {
      "version": "0.4.0",
      "resolved": "https://registry.npmjs.org/@nzxt/web-integrations-types/-/web-integrations-types-0.4.0.tgz",
      "integrity": "sha512-ggbaSKql5eoN4Cm3s5fRv6EwWJPy+t0+DQzN2yiNTdQ7v140uP4H/0HUDprHmX1V8yv7GDI8TvlZSoZezprU1w=="
    }
  }
}
